
Microsoft Visual Studio Solution File, Format Version 12.00
# Visual Studio Version 16
VisualStudioVersion = 16.0.31129.286
MinimumVisualStudioVersion = 10.0.40219.1
Project("{FAE04EC0-301F-11D3-BF4B-00C04F79EFBC}") = "OrderWeb", "OrderWeb\OrderWeb.csproj", "{0386FF88-90BE-4ACD-BB71-C48C1AC8592B}"
EndProject
Global
	GlobalSection(SolutionConfigurationPlatforms) = preSolution
		Debug|Any CPU = Debug|Any CPU
		Release|Any CPU = Release|Any CPU
	EndGlobalSection
	GlobalSection(ProjectConfigurationPlatforms) = postSolution
		{0386FF88-90BE-4ACD-BB71-C48C1AC8592B}.Debug|Any CPU.ActiveCfg = Debug|Any CPU
		{0386FF88-90BE-4ACD-BB71-C48C1AC8592B}.Debug|Any CPU.Build.0 = Debug|Any CPU
		{0386FF88-90BE-4ACD-BB71-C48C1AC8592B}.Release|Any CPU.ActiveCfg = Release|Any CPU
		{0386FF88-90BE-4ACD-BB71-C48C1AC8592B}.Release|Any CPU.Build.0 = Release|Any CPU
	EndGlobalSection
	GlobalSection(SolutionProperties) = preSolution
		HideSolutionNode = FALSE
	EndGlobalSection
	GlobalSection(ExtensibilityGlobals) = postSolution
		SolutionGuid = {DA6E32D9-31C6-41F0-A402-31F267604C1A}
	EndGlobalSection
EndGlobal
