
Microsoft Visual Studio Solution File, Format Version 12.00
# Visual Studio Version 16
VisualStudioVersion = 16.0.31129.286
MinimumVisualStudioVersion = 10.0.40219.1
Project("{FAE04EC0-301F-11D3-BF4B-00C04F79EFBC}") = "Sale", "Sale\Sale.csproj", "{214022FF-1339-46BF-9F92-82C61D694384}"
EndProject
Project("{FAE04EC0-301F-11D3-BF4B-00C04F79EFBC}") = "TestProject1", "TestProject1\TestProject1.csproj", "{5B4D9AE6-3215-40F9-AFE5-F8FE3FAEF5EB}"
EndProject
Global
	GlobalSection(SolutionConfigurationPlatforms) = preSolution
		Debug|Any CPU = Debug|Any CPU
		Release|Any CPU = Release|Any CPU
	EndGlobalSection
	GlobalSection(ProjectConfigurationPlatforms) = postSolution
		{214022FF-1339-46BF-9F92-82C61D694384}.Debug|Any CPU.ActiveCfg = Debug|Any CPU
		{214022FF-1339-46BF-9F92-82C61D694384}.Debug|Any CPU.Build.0 = Debug|Any CPU
		{214022FF-1339-46BF-9F92-82C61D694384}.Release|Any CPU.ActiveCfg = Release|Any CPU
		{214022FF-1339-46BF-9F92-82C61D694384}.Release|Any CPU.Build.0 = Release|Any CPU
		{5B4D9AE6-3215-40F9-AFE5-F8FE3FAEF5EB}.Debug|Any CPU.ActiveCfg = Debug|Any CPU
		{5B4D9AE6-3215-40F9-AFE5-F8FE3FAEF5EB}.Debug|Any CPU.Build.0 = Debug|Any CPU
		{5B4D9AE6-3215-40F9-AFE5-F8FE3FAEF5EB}.Release|Any CPU.ActiveCfg = Release|Any CPU
		{5B4D9AE6-3215-40F9-AFE5-F8FE3FAEF5EB}.Release|Any CPU.Build.0 = Release|Any CPU
	EndGlobalSection
	GlobalSection(SolutionProperties) = preSolution
		HideSolutionNode = FALSE
	EndGlobalSection
	GlobalSection(ExtensibilityGlobals) = postSolution
		SolutionGuid = {E2F30000-43FA-4362-A34E-32DD56DD7608}
	EndGlobalSection
EndGlobal
